
Microsoft Visual Studio Solution File, Format Version 12.00
# Visual Studio Version 17
VisualStudioVersion = 17.5.002.0
MinimumVisualStudioVersion = 10.0.40219.1
Project("{9A19103F-16F7-4668-BE54-9A1E7A4F7556}") = "dotnet-playground", "dotnet-playground.csproj", "{4813329F-49D3-470C-89D3-0C26457D855F}"
EndProject
Global
	GlobalSection(SolutionConfigurationPlatforms) = preSolution
		Debug|Any CPU = Debug|Any CPU
		Release|Any CPU = Release|Any CPU
	EndGlobalSection
	GlobalSection(ProjectConfigurationPlatforms) = postSolution
		{4813329F-49D3-470C-89D3-0C26457D855F}.Debug|Any CPU.ActiveCfg = Debug|Any CPU
		{4813329F-49D3-470C-89D3-0C26457D855F}.Debug|Any CPU.Build.0 = Debug|Any CPU
		{4813329F-49D3-470C-89D3-0C26457D855F}.Release|Any CPU.ActiveCfg = Release|Any CPU
		{4813329F-49D3-470C-89D3-0C26457D855F}.Release|Any CPU.Build.0 = Release|Any CPU
	EndGlobalSection
	GlobalSection(SolutionProperties) = preSolution
		HideSolutionNode = FALSE
	EndGlobalSection
	GlobalSection(ExtensibilityGlobals) = postSolution
		SolutionGuid = {F9072AF9-B43D-41F3-8331-1377A6C3740A}
	EndGlobalSection
EndGlobal
